{
    "name": "自定义数字/身份证/密码输入框，键盘密码框可分离使",
    "version": "1.0.7",
    "lockfileVersion": 2,
    "requires": true,
    "packages": {
        "": {
            "name": "自定义数字/身份证/密码输入框，键盘密码框可分离使",
            "version": "1.0.7",
            "dependencies": {
                "js-md5": "^0.8.3",
                "uview-ui": "^2.0.36"
            }
        },
        "node_modules/js-md5": {
            "version": "0.8.3",
            "resolved": "https://registry.npmjs.org/js-md5/-/js-md5-0.8.3.tgz",
            "integrity": "sha512-qR0HB5uP6wCuRMrWPTrkMaev7MJZwJuuw4fnwAzRgP4J4/F8RwtodOKpGp4XpqsLBFzzgqIO42efFAyz2Et6KQ=="
        },
        "node_modules/uview-ui": {
            "version": "2.0.36",
            "resolved": "https://registry.npmmirror.com/uview-ui/-/uview-ui-2.0.36.tgz",
            "integrity": "sha512-ASSZT6M8w3GTO1eFPbsgEFV0U5UujK+8pTNr+MSUbRNcRMC1u63DDTLJVeArV91kWM0bfAexK3SK9pnTqF9TtA==",
            "engines": {
                "HBuilderX": "^3.1.0"
            }
        }
    },
    "dependencies": {
        "js-md5": {
            "version": "0.8.3",
            "resolved": "https://registry.npmjs.org/js-md5/-/js-md5-0.8.3.tgz",
            "integrity": "sha512-qR0HB5uP6wCuRMrWPTrkMaev7MJZwJuuw4fnwAzRgP4J4/F8RwtodOKpGp4XpqsLBFzzgqIO42efFAyz2Et6KQ=="
        },
        "uview-ui": {
            "version": "2.0.36",
            "resolved": "https://registry.npmmirror.com/uview-ui/-/uview-ui-2.0.36.tgz",
            "integrity": "sha512-ASSZT6M8w3GTO1eFPbsgEFV0U5UujK+8pTNr+MSUbRNcRMC1u63DDTLJVeArV91kWM0bfAexK3SK9pnTqF9TtA=="
        }
    }
}
